
Microsoft Visual Studio Solution File, Format Version 12.00
# Visual Studio Version 17
VisualStudioVersion = 17.0.31903.59
MinimumVisualStudioVersion = 10.0.40219.1
Project("{2150E333-8FDC-42A3-9474-1A3956D46DE8}") = "Class01", "Class01", "{F448F02B-2373-4539-AA8D-221875A5AE7C}"
EndProject
Project("{9A19103F-16F7-4668-BE54-9A1E7A4F7556}") = "OurFirstWebAPI", "Class01\OurFirstWebAPI\OurFirstWebAPI.csproj", "{EAB4EB9D-7FC6-4DF6-8DFF-5FA0236BB281}"
EndProject
Project("{2150E333-8FDC-42A3-9474-1A3956D46DE8}") = "Class02", "Class02", "{D852D9DE-E699-4A20-98FD-4052DA4A4E0D}"
EndProject
Project("{9A19103F-16F7-4668-BE54-9A1E7A4F7556}") = "NotesWebApi", "Class02\NotesWebApi\NotesWebApi.csproj", "{6A780B8F-B384-4562-AA91-83F3A318D246}"
EndProject
Project("{2150E333-8FDC-42A3-9474-1A3956D46DE8}") = "Class03", "Class03", "{CCCF09C9-5B08-4C80-9291-C7A69153BC07}"
EndProject
Project("{9A19103F-16F7-4668-BE54-9A1E7A4F7556}") = "NotesWebApi", "Class03\NotesWebApi\NotesWebApi.csproj", "{6971A7CF-9558-4EA8-B7E3-BEAB60A401E8}"
EndProject
Global
	GlobalSection(SolutionConfigurationPlatforms) = preSolution
		Debug|Any CPU = Debug|Any CPU
		Release|Any CPU = Release|Any CPU
	EndGlobalSection
	GlobalSection(ProjectConfigurationPlatforms) = postSolution
		{EAB4EB9D-7FC6-4DF6-8DFF-5FA0236BB281}.Debug|Any CPU.ActiveCfg = Debug|Any CPU
		{EAB4EB9D-7FC6-4DF6-8DFF-5FA0236BB281}.Debug|Any CPU.Build.0 = Debug|Any CPU
		{EAB4EB9D-7FC6-4DF6-8DFF-5FA0236BB281}.Release|Any CPU.ActiveCfg = Release|Any CPU
		{EAB4EB9D-7FC6-4DF6-8DFF-5FA0236BB281}.Release|Any CPU.Build.0 = Release|Any CPU
		{6A780B8F-B384-4562-AA91-83F3A318D246}.Debug|Any CPU.ActiveCfg = Debug|Any CPU
		{6A780B8F-B384-4562-AA91-83F3A318D246}.Debug|Any CPU.Build.0 = Debug|Any CPU
		{6A780B8F-B384-4562-AA91-83F3A318D246}.Release|Any CPU.ActiveCfg = Release|Any CPU
		{6A780B8F-B384-4562-AA91-83F3A318D246}.Release|Any CPU.Build.0 = Release|Any CPU
		{6971A7CF-9558-4EA8-B7E3-BEAB60A401E8}.Debug|Any CPU.ActiveCfg = Debug|Any CPU
		{6971A7CF-9558-4EA8-B7E3-BEAB60A401E8}.Debug|Any CPU.Build.0 = Debug|Any CPU
		{6971A7CF-9558-4EA8-B7E3-BEAB60A401E8}.Release|Any CPU.ActiveCfg = Release|Any CPU
		{6971A7CF-9558-4EA8-B7E3-BEAB60A401E8}.Release|Any CPU.Build.0 = Release|Any CPU
	EndGlobalSection
	GlobalSection(SolutionProperties) = preSolution
		HideSolutionNode = FALSE
	EndGlobalSection
	GlobalSection(NestedProjects) = preSolution
		{EAB4EB9D-7FC6-4DF6-8DFF-5FA0236BB281} = {F448F02B-2373-4539-AA8D-221875A5AE7C}
		{6A780B8F-B384-4562-AA91-83F3A318D246} = {D852D9DE-E699-4A20-98FD-4052DA4A4E0D}
		{6971A7CF-9558-4EA8-B7E3-BEAB60A401E8} = {CCCF09C9-5B08-4C80-9291-C7A69153BC07}
	EndGlobalSection
	GlobalSection(ExtensibilityGlobals) = postSolution
		SolutionGuid = {9178C66D-4F6E-478C-86A2-0301C8C52153}
	EndGlobalSection
EndGlobal
