
Microsoft Visual Studio Solution File, Format Version 12.00
# Visual Studio Version 17
VisualStudioVersion = 17.0.31903.59
MinimumVisualStudioVersion = 10.0.40219.1
Project("{2150E333-8FDC-42A3-9474-1A3956D46DE8}") = "Class01", "Class01", "{F448F02B-2373-4539-AA8D-221875A5AE7C}"
EndProject
Project("{9A19103F-16F7-4668-BE54-9A1E7A4F7556}") = "OurFirstWebAPI", "Class01\OurFirstWebAPI\OurFirstWebAPI.csproj", "{EAB4EB9D-7FC6-4DF6-8DFF-5FA0236BB281}"
EndProject
Project("{2150E333-8FDC-42A3-9474-1A3956D46DE8}") = "Class02", "Class02", "{D852D9DE-E699-4A20-98FD-4052DA4A4E0D}"
EndProject
Project("{9A19103F-16F7-4668-BE54-9A1E7A4F7556}") = "NotesWebApi", "Class02\NotesWebApi\NotesWebApi.csproj", "{6A780B8F-B384-4562-AA91-83F3A318D246}"
EndProject
Project("{2150E333-8FDC-42A3-9474-1A3956D46DE8}") = "Class03", "Class03", "{CCCF09C9-5B08-4C80-9291-C7A69153BC07}"
EndProject
Project("{9A19103F-16F7-4668-BE54-9A1E7A4F7556}") = "NotesWebApi", "Class03\NotesWebApi\NotesWebApi.csproj", "{6971A7CF-9558-4EA8-B7E3-BEAB60A401E8}"
EndProject
Project("{2150E333-8FDC-42A3-9474-1A3956D46DE8}") = "Class04", "Class04", "{B34DE5BC-5968-4070-9C1B-EC47BB99CC71}"
EndProject
Project("{9A19103F-16F7-4668-BE54-9A1E7A4F7556}") = "NotesAndTagsApp", "Class04\NotesAndTagsApp\NotesAndTagsApp.csproj", "{E8F17927-A8B7-4DA3-AA3A-ECDCD06670FE}"
EndProject
Project("{2150E333-8FDC-42A3-9474-1A3956D46DE8}") = "Class05", "Class05", "{4BADD859-E6F4-4353-9782-56B8E810CA96}"
EndProject
Project("{9A19103F-16F7-4668-BE54-9A1E7A4F7556}") = "SEDC.MoviesApp", "Class05\SEDC.MoviesApp\SEDC.MoviesApp.csproj", "{C12B6064-F61B-4D76-923C-A458C9046A1E}"
EndProject
Project("{2150E333-8FDC-42A3-9474-1A3956D46DE8}") = "Class06", "Class06", "{0CA13B33-4BC4-4267-93BA-73091411AB47}"
EndProject
Project("{9A19103F-16F7-4668-BE54-9A1E7A4F7556}") = "BooksAPI", "Class06\BooksAPI\BooksAPI.csproj", "{43D6059B-5A2C-4538-9306-C4E543352980}"
EndProject
Project("{2150E333-8FDC-42A3-9474-1A3956D46DE8}") = "Class07", "Class07", "{33903BFD-B096-4B6C-8CAF-9E0FBA1429A4}"
EndProject
Project("{9A19103F-16F7-4668-BE54-9A1E7A4F7556}") = "UserNotesAPI", "Class07\UserNotesAPI\UserNotesAPI.csproj", "{87A58C36-659D-425C-986F-E14FF4E208B2}"
EndProject
Project("{2150E333-8FDC-42A3-9474-1A3956D46DE8}") = "Class08", "Class08", "{A5C58B03-D9AC-4193-A01A-BA560F13033A}"
EndProject
Project("{9A19103F-16F7-4668-BE54-9A1E7A4F7556}") = "NotesWebApi", "Class08\NotesApp\NotesWebApi.csproj", "{3DC33A9C-7A11-4C13-B328-1706E03FFCE4}"
EndProject
Project("{2150E333-8FDC-42A3-9474-1A3956D46DE8}") = "Class09", "Class09", "{425BEC81-50D7-4DF4-B8B5-23AFEB23CC03}"
EndProject
Project("{9A19103F-16F7-4668-BE54-9A1E7A4F7556}") = "NoteApiMultipleDB", "Class09\NoteApiMultipleDB\NoteApiMultipleDB.csproj", "{DB3B7F54-16D6-4A0C-B908-8651328A4EBE}"
EndProject
Project("{2150E333-8FDC-42A3-9474-1A3956D46DE8}") = "Class10", "Class10", "{B82ED706-9FFB-4199-B166-BD5254F7C82A}"
EndProject
Project("{9A19103F-16F7-4668-BE54-9A1E7A4F7556}") = "Our.MoviesApp", "Class10\Our.MoviesApp\Our.MoviesApp\Our.MoviesApp.csproj", "{6B12CAAE-8A36-41B8-A4BC-BBE75E81FDEB}"
EndProject
Project("{9A19103F-16F7-4668-BE54-9A1E7A4F7556}") = "Our.MoviesApp.DataAccess", "Class10\Our.MoviesApp\Our.MoviesApp.DataAccess\Our.MoviesApp.DataAccess.csproj", "{9A4454F3-8F3E-46E5-9E97-BDF6B5E50BF7}"
EndProject
Project("{9A19103F-16F7-4668-BE54-9A1E7A4F7556}") = "Our.MoviesApp.Domain", "Class10\Our.MoviesApp\Our.MoviesApp.Domain\Our.MoviesApp.Domain.csproj", "{A6819F44-D161-4BD3-8973-A049F54A79AC}"
EndProject
Project("{9A19103F-16F7-4668-BE54-9A1E7A4F7556}") = "Our.MoviesApp.Dtos", "Class10\Our.MoviesApp\Our.MoviesApp.Dtos\Our.MoviesApp.Dtos.csproj", "{F176B6E3-0B8E-4B53-8949-5595BD27DEB5}"
EndProject
Project("{9A19103F-16F7-4668-BE54-9A1E7A4F7556}") = "Our.MoviesApp.Mappers", "Class10\Our.MoviesApp\Our.MoviesApp.Mappers\Our.MoviesApp.Mappers.csproj", "{016C46A2-4177-4C6D-A20E-8CA5D6309A22}"
EndProject
Project("{9A19103F-16F7-4668-BE54-9A1E7A4F7556}") = "Our.MoviesApp.Shared", "Class10\Our.MoviesApp\Our.MoviesApp.Shared\Our.MoviesApp.Shared.csproj", "{E72706C3-E076-43DA-9525-28192482F031}"
EndProject
Project("{2150E333-8FDC-42A3-9474-1A3956D46DE8}") = "Class11", "Class11", "{9663D0BD-6ABC-42B0-AB20-1BE470780592}"
EndProject
Project("{9A19103F-16F7-4668-BE54-9A1E7A4F7556}") = "SEDC.NotesApp", "Class11\SEDC.NotesApp\SEDC.NotesApp\SEDC.NotesApp.csproj", "{62B8D5C3-8E61-4B9D-A78B-CB2669AFA1DC}"
EndProject
Project("{9A19103F-16F7-4668-BE54-9A1E7A4F7556}") = "SEDC.NotesApp.DataAccess", "Class11\SEDC.NotesApp\SEDC.NotesApp.DataAccess\SEDC.NotesApp.DataAccess.csproj", "{90A93885-1C42-4540-9A5A-82E86E5385A2}"
EndProject
Project("{9A19103F-16F7-4668-BE54-9A1E7A4F7556}") = "SEDC.NotesApp.Domain", "Class11\SEDC.NotesApp\SEDC.NotesApp.Domain\SEDC.NotesApp.Domain.csproj", "{7511A745-736C-4325-BE26-D2D01530F68B}"
EndProject
Project("{9A19103F-16F7-4668-BE54-9A1E7A4F7556}") = "SEDC.NotesApp.Dtos", "Class11\SEDC.NotesApp\SEDC.NotesApp.Dtos\SEDC.NotesApp.Dtos.csproj", "{2735F67F-B374-44B0-9944-468ABCEEC15D}"
EndProject
Project("{9A19103F-16F7-4668-BE54-9A1E7A4F7556}") = "SEDC.NotesApp.Helpers", "Class11\SEDC.NotesApp\SEDC.NotesApp.Helpers\SEDC.NotesApp.Helpers.csproj", "{885E8E03-2CB8-4EFA-957C-71C3730BF240}"
EndProject
Project("{9A19103F-16F7-4668-BE54-9A1E7A4F7556}") = "SEDC.NotesApp.Mappers", "Class11\SEDC.NotesApp\SEDC.NotesApp.Mappers\SEDC.NotesApp.Mappers.csproj", "{22070B2B-60D4-46E3-BA57-70A377DCD641}"
EndProject
Project("{9A19103F-16F7-4668-BE54-9A1E7A4F7556}") = "SEDC.NotesApp.Services", "Class11\SEDC.NotesApp\SEDC.NotesApp.Services\SEDC.NotesApp.Services.csproj", "{5F5EDD97-B010-4346-92EE-DCA725A11017}"
EndProject
Project("{9A19103F-16F7-4668-BE54-9A1E7A4F7556}") = "SEDC.NotesApp.Shared", "Class11\SEDC.NotesApp\SEDC.NotesApp.Shared\SEDC.NotesApp.Shared.csproj", "{E6EA8922-8D0B-4AF6-BED6-6375FA14987C}"
EndProject
Project("{2150E333-8FDC-42A3-9474-1A3956D46DE8}") = "Class13", "Class13", "{2B2A7BDE-7AC1-4C31-922B-FC330717E7EC}"
EndProject
Project("{2150E333-8FDC-42A3-9474-1A3956D46DE8}") = "UnitTesting", "UnitTesting", "{035A7E1E-FAB0-4CA2-A391-139481BE6FCF}"
EndProject
Project("{9A19103F-16F7-4668-BE54-9A1E7A4F7556}") = "SEDC.NotesApp.Constants", "Class11\SEDC.NotesApp\SEDC.NotesApp.Constants\SEDC.NotesApp.Constants.csproj", "{D85FEE35-36E7-410B-85BF-77C0CB1481D8}"
EndProject
Project("{9A19103F-16F7-4668-BE54-9A1E7A4F7556}") = "Services", "Class13\Services\Services.csproj", "{D0142AA8-BAA6-4360-B34D-470E386E6FD3}"
EndProject
Project("{9A19103F-16F7-4668-BE54-9A1E7A4F7556}") = "Services.Tests", "Class13\Services.Tests\Services.Tests.csproj", "{5158C5F9-C501-4248-BB4D-AF435EEF4344}"
EndProject
Project("{2150E333-8FDC-42A3-9474-1A3956D46DE8}") = "Class14", "Class14", "{59563A59-F9DD-42B6-83F7-F9FFE941B5CA}"
EndProject
Project("{9A19103F-16F7-4668-BE54-9A1E7A4F7556}") = "SEDC.NotesApp", "Class14\SEDC.NotesApp_Latest\SEDC.NotesApp\SEDC.NotesApp.csproj", "{41714FC4-1E5D-44D1-B0E5-A90F5054A209}"
EndProject
Project("{9A19103F-16F7-4668-BE54-9A1E7A4F7556}") = "SEDC.NotesApp.DataAccess", "Class14\SEDC.NotesApp_Latest\SEDC.NotesApp.DataAccess\SEDC.NotesApp.DataAccess.csproj", "{57F12906-D53D-4921-9072-B16706EE5EE6}"
EndProject
Project("{9A19103F-16F7-4668-BE54-9A1E7A4F7556}") = "SEDC.NotesApp.Domain", "Class14\SEDC.NotesApp_Latest\SEDC.NotesApp.Domain\SEDC.NotesApp.Domain.csproj", "{B087EB98-B50D-45C2-8ED3-9B47770F65E9}"
EndProject
Project("{9A19103F-16F7-4668-BE54-9A1E7A4F7556}") = "SEDC.NotesApp.Dtos", "Class14\SEDC.NotesApp_Latest\SEDC.NotesApp.Dtos\SEDC.NotesApp.Dtos.csproj", "{8520D3FB-83EA-40D2-9B22-B0ABA9F5A82E}"
EndProject
Project("{9A19103F-16F7-4668-BE54-9A1E7A4F7556}") = "SEDC.NotesApp.Helpers", "Class14\SEDC.NotesApp_Latest\SEDC.NotesApp.Helpers\SEDC.NotesApp.Helpers.csproj", "{63D7AEAB-1845-4F64-9216-B9BB1F73CF55}"
EndProject
Project("{9A19103F-16F7-4668-BE54-9A1E7A4F7556}") = "SEDC.NotesApp.Mappers", "Class14\SEDC.NotesApp_Latest\SEDC.NotesApp.Mappers\SEDC.NotesApp.Mappers.csproj", "{8B481A71-D4AD-4F1A-8432-274109EE17BA}"
EndProject
Project("{9A19103F-16F7-4668-BE54-9A1E7A4F7556}") = "SEDC.NotesApp.Services", "Class14\SEDC.NotesApp_Latest\SEDC.NotesApp.Services\SEDC.NotesApp.Services.csproj", "{53A1D74C-E95E-4142-823F-F90F78235DCA}"
EndProject
Project("{9A19103F-16F7-4668-BE54-9A1E7A4F7556}") = "SEDC.NotesApp.Shared", "Class14\SEDC.NotesApp_Latest\SEDC.NotesApp.Shared\SEDC.NotesApp.Shared.csproj", "{932931E2-A316-4BA8-9CDB-82ACA5C70EE3}"
EndProject
Global
	GlobalSection(SolutionConfigurationPlatforms) = preSolution
		Debug|Any CPU = Debug|Any CPU
		Release|Any CPU = Release|Any CPU
	EndGlobalSection
	GlobalSection(ProjectConfigurationPlatforms) = postSolution
		{EAB4EB9D-7FC6-4DF6-8DFF-5FA0236BB281}.Debug|Any CPU.ActiveCfg = Debug|Any CPU
		{EAB4EB9D-7FC6-4DF6-8DFF-5FA0236BB281}.Debug|Any CPU.Build.0 = Debug|Any CPU
		{EAB4EB9D-7FC6-4DF6-8DFF-5FA0236BB281}.Release|Any CPU.ActiveCfg = Release|Any CPU
		{EAB4EB9D-7FC6-4DF6-8DFF-5FA0236BB281}.Release|Any CPU.Build.0 = Release|Any CPU
		{6A780B8F-B384-4562-AA91-83F3A318D246}.Debug|Any CPU.ActiveCfg = Debug|Any CPU
		{6A780B8F-B384-4562-AA91-83F3A318D246}.Debug|Any CPU.Build.0 = Debug|Any CPU
		{6A780B8F-B384-4562-AA91-83F3A318D246}.Release|Any CPU.ActiveCfg = Release|Any CPU
		{6A780B8F-B384-4562-AA91-83F3A318D246}.Release|Any CPU.Build.0 = Release|Any CPU
		{6971A7CF-9558-4EA8-B7E3-BEAB60A401E8}.Debug|Any CPU.ActiveCfg = Debug|Any CPU
		{6971A7CF-9558-4EA8-B7E3-BEAB60A401E8}.Debug|Any CPU.Build.0 = Debug|Any CPU
		{6971A7CF-9558-4EA8-B7E3-BEAB60A401E8}.Release|Any CPU.ActiveCfg = Release|Any CPU
		{6971A7CF-9558-4EA8-B7E3-BEAB60A401E8}.Release|Any CPU.Build.0 = Release|Any CPU
		{E8F17927-A8B7-4DA3-AA3A-ECDCD06670FE}.Debug|Any CPU.ActiveCfg = Debug|Any CPU
		{E8F17927-A8B7-4DA3-AA3A-ECDCD06670FE}.Debug|Any CPU.Build.0 = Debug|Any CPU
		{E8F17927-A8B7-4DA3-AA3A-ECDCD06670FE}.Release|Any CPU.ActiveCfg = Release|Any CPU
		{E8F17927-A8B7-4DA3-AA3A-ECDCD06670FE}.Release|Any CPU.Build.0 = Release|Any CPU
		{C12B6064-F61B-4D76-923C-A458C9046A1E}.Debug|Any CPU.ActiveCfg = Debug|Any CPU
		{C12B6064-F61B-4D76-923C-A458C9046A1E}.Debug|Any CPU.Build.0 = Debug|Any CPU
		{C12B6064-F61B-4D76-923C-A458C9046A1E}.Release|Any CPU.ActiveCfg = Release|Any CPU
		{C12B6064-F61B-4D76-923C-A458C9046A1E}.Release|Any CPU.Build.0 = Release|Any CPU
		{43D6059B-5A2C-4538-9306-C4E543352980}.Debug|Any CPU.ActiveCfg = Debug|Any CPU
		{43D6059B-5A2C-4538-9306-C4E543352980}.Debug|Any CPU.Build.0 = Debug|Any CPU
		{43D6059B-5A2C-4538-9306-C4E543352980}.Release|Any CPU.ActiveCfg = Release|Any CPU
		{43D6059B-5A2C-4538-9306-C4E543352980}.Release|Any CPU.Build.0 = Release|Any CPU
		{87A58C36-659D-425C-986F-E14FF4E208B2}.Debug|Any CPU.ActiveCfg = Debug|Any CPU
		{87A58C36-659D-425C-986F-E14FF4E208B2}.Debug|Any CPU.Build.0 = Debug|Any CPU
		{87A58C36-659D-425C-986F-E14FF4E208B2}.Release|Any CPU.ActiveCfg = Release|Any CPU
		{87A58C36-659D-425C-986F-E14FF4E208B2}.Release|Any CPU.Build.0 = Release|Any CPU
		{3DC33A9C-7A11-4C13-B328-1706E03FFCE4}.Debug|Any CPU.ActiveCfg = Debug|Any CPU
		{3DC33A9C-7A11-4C13-B328-1706E03FFCE4}.Debug|Any CPU.Build.0 = Debug|Any CPU
		{3DC33A9C-7A11-4C13-B328-1706E03FFCE4}.Release|Any CPU.ActiveCfg = Release|Any CPU
		{3DC33A9C-7A11-4C13-B328-1706E03FFCE4}.Release|Any CPU.Build.0 = Release|Any CPU
		{DB3B7F54-16D6-4A0C-B908-8651328A4EBE}.Debug|Any CPU.ActiveCfg = Debug|Any CPU
		{DB3B7F54-16D6-4A0C-B908-8651328A4EBE}.Debug|Any CPU.Build.0 = Debug|Any CPU
		{DB3B7F54-16D6-4A0C-B908-8651328A4EBE}.Release|Any CPU.ActiveCfg = Release|Any CPU
		{DB3B7F54-16D6-4A0C-B908-8651328A4EBE}.Release|Any CPU.Build.0 = Release|Any CPU
		{6B12CAAE-8A36-41B8-A4BC-BBE75E81FDEB}.Debug|Any CPU.ActiveCfg = Debug|Any CPU
		{6B12CAAE-8A36-41B8-A4BC-BBE75E81FDEB}.Debug|Any CPU.Build.0 = Debug|Any CPU
		{6B12CAAE-8A36-41B8-A4BC-BBE75E81FDEB}.Release|Any CPU.ActiveCfg = Release|Any CPU
		{6B12CAAE-8A36-41B8-A4BC-BBE75E81FDEB}.Release|Any CPU.Build.0 = Release|Any CPU
		{9A4454F3-8F3E-46E5-9E97-BDF6B5E50BF7}.Debug|Any CPU.ActiveCfg = Debug|Any CPU
		{9A4454F3-8F3E-46E5-9E97-BDF6B5E50BF7}.Debug|Any CPU.Build.0 = Debug|Any CPU
		{9A4454F3-8F3E-46E5-9E97-BDF6B5E50BF7}.Release|Any CPU.ActiveCfg = Release|Any CPU
		{9A4454F3-8F3E-46E5-9E97-BDF6B5E50BF7}.Release|Any CPU.Build.0 = Release|Any CPU
		{A6819F44-D161-4BD3-8973-A049F54A79AC}.Debug|Any CPU.ActiveCfg = Debug|Any CPU
		{A6819F44-D161-4BD3-8973-A049F54A79AC}.Debug|Any CPU.Build.0 = Debug|Any CPU
		{A6819F44-D161-4BD3-8973-A049F54A79AC}.Release|Any CPU.ActiveCfg = Release|Any CPU
		{A6819F44-D161-4BD3-8973-A049F54A79AC}.Release|Any CPU.Build.0 = Release|Any CPU
		{F176B6E3-0B8E-4B53-8949-5595BD27DEB5}.Debug|Any CPU.ActiveCfg = Debug|Any CPU
		{F176B6E3-0B8E-4B53-8949-5595BD27DEB5}.Debug|Any CPU.Build.0 = Debug|Any CPU
		{F176B6E3-0B8E-4B53-8949-5595BD27DEB5}.Release|Any CPU.ActiveCfg = Release|Any CPU
		{F176B6E3-0B8E-4B53-8949-5595BD27DEB5}.Release|Any CPU.Build.0 = Release|Any CPU
		{016C46A2-4177-4C6D-A20E-8CA5D6309A22}.Debug|Any CPU.ActiveCfg = Debug|Any CPU
		{016C46A2-4177-4C6D-A20E-8CA5D6309A22}.Debug|Any CPU.Build.0 = Debug|Any CPU
		{016C46A2-4177-4C6D-A20E-8CA5D6309A22}.Release|Any CPU.ActiveCfg = Release|Any CPU
		{016C46A2-4177-4C6D-A20E-8CA5D6309A22}.Release|Any CPU.Build.0 = Release|Any CPU
		{E72706C3-E076-43DA-9525-28192482F031}.Debug|Any CPU.ActiveCfg = Debug|Any CPU
		{E72706C3-E076-43DA-9525-28192482F031}.Debug|Any CPU.Build.0 = Debug|Any CPU
		{E72706C3-E076-43DA-9525-28192482F031}.Release|Any CPU.ActiveCfg = Release|Any CPU
		{E72706C3-E076-43DA-9525-28192482F031}.Release|Any CPU.Build.0 = Release|Any CPU
		{62B8D5C3-8E61-4B9D-A78B-CB2669AFA1DC}.Debug|Any CPU.ActiveCfg = Debug|Any CPU
		{62B8D5C3-8E61-4B9D-A78B-CB2669AFA1DC}.Debug|Any CPU.Build.0 = Debug|Any CPU
		{62B8D5C3-8E61-4B9D-A78B-CB2669AFA1DC}.Release|Any CPU.ActiveCfg = Release|Any CPU
		{62B8D5C3-8E61-4B9D-A78B-CB2669AFA1DC}.Release|Any CPU.Build.0 = Release|Any CPU
		{90A93885-1C42-4540-9A5A-82E86E5385A2}.Debug|Any CPU.ActiveCfg = Debug|Any CPU
		{90A93885-1C42-4540-9A5A-82E86E5385A2}.Debug|Any CPU.Build.0 = Debug|Any CPU
		{90A93885-1C42-4540-9A5A-82E86E5385A2}.Release|Any CPU.ActiveCfg = Release|Any CPU
		{90A93885-1C42-4540-9A5A-82E86E5385A2}.Release|Any CPU.Build.0 = Release|Any CPU
		{7511A745-736C-4325-BE26-D2D01530F68B}.Debug|Any CPU.ActiveCfg = Debug|Any CPU
		{7511A745-736C-4325-BE26-D2D01530F68B}.Debug|Any CPU.Build.0 = Debug|Any CPU
		{7511A745-736C-4325-BE26-D2D01530F68B}.Release|Any CPU.ActiveCfg = Release|Any CPU
		{7511A745-736C-4325-BE26-D2D01530F68B}.Release|Any CPU.Build.0 = Release|Any CPU
		{2735F67F-B374-44B0-9944-468ABCEEC15D}.Debug|Any CPU.ActiveCfg = Debug|Any CPU
		{2735F67F-B374-44B0-9944-468ABCEEC15D}.Debug|Any CPU.Build.0 = Debug|Any CPU
		{2735F67F-B374-44B0-9944-468ABCEEC15D}.Release|Any CPU.ActiveCfg = Release|Any CPU
		{2735F67F-B374-44B0-9944-468ABCEEC15D}.Release|Any CPU.Build.0 = Release|Any CPU
		{885E8E03-2CB8-4EFA-957C-71C3730BF240}.Debug|Any CPU.ActiveCfg = Debug|Any CPU
		{885E8E03-2CB8-4EFA-957C-71C3730BF240}.Debug|Any CPU.Build.0 = Debug|Any CPU
		{885E8E03-2CB8-4EFA-957C-71C3730BF240}.Release|Any CPU.ActiveCfg = Release|Any CPU
		{885E8E03-2CB8-4EFA-957C-71C3730BF240}.Release|Any CPU.Build.0 = Release|Any CPU
		{22070B2B-60D4-46E3-BA57-70A377DCD641}.Debug|Any CPU.ActiveCfg = Debug|Any CPU
		{22070B2B-60D4-46E3-BA57-70A377DCD641}.Debug|Any CPU.Build.0 = Debug|Any CPU
		{22070B2B-60D4-46E3-BA57-70A377DCD641}.Release|Any CPU.ActiveCfg = Release|Any CPU
		{22070B2B-60D4-46E3-BA57-70A377DCD641}.Release|Any CPU.Build.0 = Release|Any CPU
		{5F5EDD97-B010-4346-92EE-DCA725A11017}.Debug|Any CPU.ActiveCfg = Debug|Any CPU
		{5F5EDD97-B010-4346-92EE-DCA725A11017}.Debug|Any CPU.Build.0 = Debug|Any CPU
		{5F5EDD97-B010-4346-92EE-DCA725A11017}.Release|Any CPU.ActiveCfg = Release|Any CPU
		{5F5EDD97-B010-4346-92EE-DCA725A11017}.Release|Any CPU.Build.0 = Release|Any CPU
		{E6EA8922-8D0B-4AF6-BED6-6375FA14987C}.Debug|Any CPU.ActiveCfg = Debug|Any CPU
		{E6EA8922-8D0B-4AF6-BED6-6375FA14987C}.Debug|Any CPU.Build.0 = Debug|Any CPU
		{E6EA8922-8D0B-4AF6-BED6-6375FA14987C}.Release|Any CPU.ActiveCfg = Release|Any CPU
		{E6EA8922-8D0B-4AF6-BED6-6375FA14987C}.Release|Any CPU.Build.0 = Release|Any CPU
		{D85FEE35-36E7-410B-85BF-77C0CB1481D8}.Debug|Any CPU.ActiveCfg = Debug|Any CPU
		{D85FEE35-36E7-410B-85BF-77C0CB1481D8}.Debug|Any CPU.Build.0 = Debug|Any CPU
		{D85FEE35-36E7-410B-85BF-77C0CB1481D8}.Release|Any CPU.ActiveCfg = Release|Any CPU
		{D85FEE35-36E7-410B-85BF-77C0CB1481D8}.Release|Any CPU.Build.0 = Release|Any CPU
		{D0142AA8-BAA6-4360-B34D-470E386E6FD3}.Debug|Any CPU.ActiveCfg = Debug|Any CPU
		{D0142AA8-BAA6-4360-B34D-470E386E6FD3}.Debug|Any CPU.Build.0 = Debug|Any CPU
		{D0142AA8-BAA6-4360-B34D-470E386E6FD3}.Release|Any CPU.ActiveCfg = Release|Any CPU
		{D0142AA8-BAA6-4360-B34D-470E386E6FD3}.Release|Any CPU.Build.0 = Release|Any CPU
		{5158C5F9-C501-4248-BB4D-AF435EEF4344}.Debug|Any CPU.ActiveCfg = Debug|Any CPU
		{5158C5F9-C501-4248-BB4D-AF435EEF4344}.Debug|Any CPU.Build.0 = Debug|Any CPU
		{5158C5F9-C501-4248-BB4D-AF435EEF4344}.Release|Any CPU.ActiveCfg = Release|Any CPU
		{5158C5F9-C501-4248-BB4D-AF435EEF4344}.Release|Any CPU.Build.0 = Release|Any CPU
		{41714FC4-1E5D-44D1-B0E5-A90F5054A209}.Debug|Any CPU.ActiveCfg = Debug|Any CPU
		{41714FC4-1E5D-44D1-B0E5-A90F5054A209}.Debug|Any CPU.Build.0 = Debug|Any CPU
		{41714FC4-1E5D-44D1-B0E5-A90F5054A209}.Release|Any CPU.ActiveCfg = Release|Any CPU
		{41714FC4-1E5D-44D1-B0E5-A90F5054A209}.Release|Any CPU.Build.0 = Release|Any CPU
		{57F12906-D53D-4921-9072-B16706EE5EE6}.Debug|Any CPU.ActiveCfg = Debug|Any CPU
		{57F12906-D53D-4921-9072-B16706EE5EE6}.Debug|Any CPU.Build.0 = Debug|Any CPU
		{57F12906-D53D-4921-9072-B16706EE5EE6}.Release|Any CPU.ActiveCfg = Release|Any CPU
		{57F12906-D53D-4921-9072-B16706EE5EE6}.Release|Any CPU.Build.0 = Release|Any CPU
		{B087EB98-B50D-45C2-8ED3-9B47770F65E9}.Debug|Any CPU.ActiveCfg = Debug|Any CPU
		{B087EB98-B50D-45C2-8ED3-9B47770F65E9}.Debug|Any CPU.Build.0 = Debug|Any CPU
		{B087EB98-B50D-45C2-8ED3-9B47770F65E9}.Release|Any CPU.ActiveCfg = Release|Any CPU
		{B087EB98-B50D-45C2-8ED3-9B47770F65E9}.Release|Any CPU.Build.0 = Release|Any CPU
		{8520D3FB-83EA-40D2-9B22-B0ABA9F5A82E}.Debug|Any CPU.ActiveCfg = Debug|Any CPU
		{8520D3FB-83EA-40D2-9B22-B0ABA9F5A82E}.Debug|Any CPU.Build.0 = Debug|Any CPU
		{8520D3FB-83EA-40D2-9B22-B0ABA9F5A82E}.Release|Any CPU.ActiveCfg = Release|Any CPU
		{8520D3FB-83EA-40D2-9B22-B0ABA9F5A82E}.Release|Any CPU.Build.0 = Release|Any CPU
		{63D7AEAB-1845-4F64-9216-B9BB1F73CF55}.Debug|Any CPU.ActiveCfg = Debug|Any CPU
		{63D7AEAB-1845-4F64-9216-B9BB1F73CF55}.Debug|Any CPU.Build.0 = Debug|Any CPU
		{63D7AEAB-1845-4F64-9216-B9BB1F73CF55}.Release|Any CPU.ActiveCfg = Release|Any CPU
		{63D7AEAB-1845-4F64-9216-B9BB1F73CF55}.Release|Any CPU.Build.0 = Release|Any CPU
		{8B481A71-D4AD-4F1A-8432-274109EE17BA}.Debug|Any CPU.ActiveCfg = Debug|Any CPU
		{8B481A71-D4AD-4F1A-8432-274109EE17BA}.Debug|Any CPU.Build.0 = Debug|Any CPU
		{8B481A71-D4AD-4F1A-8432-274109EE17BA}.Release|Any CPU.ActiveCfg = Release|Any CPU
		{8B481A71-D4AD-4F1A-8432-274109EE17BA}.Release|Any CPU.Build.0 = Release|Any CPU
		{53A1D74C-E95E-4142-823F-F90F78235DCA}.Debug|Any CPU.ActiveCfg = Debug|Any CPU
		{53A1D74C-E95E-4142-823F-F90F78235DCA}.Debug|Any CPU.Build.0 = Debug|Any CPU
		{53A1D74C-E95E-4142-823F-F90F78235DCA}.Release|Any CPU.ActiveCfg = Release|Any CPU
		{53A1D74C-E95E-4142-823F-F90F78235DCA}.Release|Any CPU.Build.0 = Release|Any CPU
		{932931E2-A316-4BA8-9CDB-82ACA5C70EE3}.Debug|Any CPU.ActiveCfg = Debug|Any CPU
		{932931E2-A316-4BA8-9CDB-82ACA5C70EE3}.Debug|Any CPU.Build.0 = Debug|Any CPU
		{932931E2-A316-4BA8-9CDB-82ACA5C70EE3}.Release|Any CPU.ActiveCfg = Release|Any CPU
		{932931E2-A316-4BA8-9CDB-82ACA5C70EE3}.Release|Any CPU.Build.0 = Release|Any CPU
	EndGlobalSection
	GlobalSection(SolutionProperties) = preSolution
		HideSolutionNode = FALSE
	EndGlobalSection
	GlobalSection(NestedProjects) = preSolution
		{EAB4EB9D-7FC6-4DF6-8DFF-5FA0236BB281} = {F448F02B-2373-4539-AA8D-221875A5AE7C}
		{6A780B8F-B384-4562-AA91-83F3A318D246} = {D852D9DE-E699-4A20-98FD-4052DA4A4E0D}
		{6971A7CF-9558-4EA8-B7E3-BEAB60A401E8} = {CCCF09C9-5B08-4C80-9291-C7A69153BC07}
		{E8F17927-A8B7-4DA3-AA3A-ECDCD06670FE} = {B34DE5BC-5968-4070-9C1B-EC47BB99CC71}
		{C12B6064-F61B-4D76-923C-A458C9046A1E} = {4BADD859-E6F4-4353-9782-56B8E810CA96}
		{43D6059B-5A2C-4538-9306-C4E543352980} = {0CA13B33-4BC4-4267-93BA-73091411AB47}
		{87A58C36-659D-425C-986F-E14FF4E208B2} = {33903BFD-B096-4B6C-8CAF-9E0FBA1429A4}
		{3DC33A9C-7A11-4C13-B328-1706E03FFCE4} = {A5C58B03-D9AC-4193-A01A-BA560F13033A}
		{DB3B7F54-16D6-4A0C-B908-8651328A4EBE} = {425BEC81-50D7-4DF4-B8B5-23AFEB23CC03}
		{6B12CAAE-8A36-41B8-A4BC-BBE75E81FDEB} = {B82ED706-9FFB-4199-B166-BD5254F7C82A}
		{9A4454F3-8F3E-46E5-9E97-BDF6B5E50BF7} = {B82ED706-9FFB-4199-B166-BD5254F7C82A}
		{A6819F44-D161-4BD3-8973-A049F54A79AC} = {B82ED706-9FFB-4199-B166-BD5254F7C82A}
		{F176B6E3-0B8E-4B53-8949-5595BD27DEB5} = {B82ED706-9FFB-4199-B166-BD5254F7C82A}
		{016C46A2-4177-4C6D-A20E-8CA5D6309A22} = {B82ED706-9FFB-4199-B166-BD5254F7C82A}
		{E72706C3-E076-43DA-9525-28192482F031} = {B82ED706-9FFB-4199-B166-BD5254F7C82A}
		{62B8D5C3-8E61-4B9D-A78B-CB2669AFA1DC} = {9663D0BD-6ABC-42B0-AB20-1BE470780592}
		{90A93885-1C42-4540-9A5A-82E86E5385A2} = {9663D0BD-6ABC-42B0-AB20-1BE470780592}
		{7511A745-736C-4325-BE26-D2D01530F68B} = {9663D0BD-6ABC-42B0-AB20-1BE470780592}
		{2735F67F-B374-44B0-9944-468ABCEEC15D} = {9663D0BD-6ABC-42B0-AB20-1BE470780592}
		{885E8E03-2CB8-4EFA-957C-71C3730BF240} = {9663D0BD-6ABC-42B0-AB20-1BE470780592}
		{22070B2B-60D4-46E3-BA57-70A377DCD641} = {9663D0BD-6ABC-42B0-AB20-1BE470780592}
		{5F5EDD97-B010-4346-92EE-DCA725A11017} = {9663D0BD-6ABC-42B0-AB20-1BE470780592}
		{E6EA8922-8D0B-4AF6-BED6-6375FA14987C} = {9663D0BD-6ABC-42B0-AB20-1BE470780592}
		{035A7E1E-FAB0-4CA2-A391-139481BE6FCF} = {2B2A7BDE-7AC1-4C31-922B-FC330717E7EC}
		{D85FEE35-36E7-410B-85BF-77C0CB1481D8} = {9663D0BD-6ABC-42B0-AB20-1BE470780592}
		{D0142AA8-BAA6-4360-B34D-470E386E6FD3} = {035A7E1E-FAB0-4CA2-A391-139481BE6FCF}
		{5158C5F9-C501-4248-BB4D-AF435EEF4344} = {035A7E1E-FAB0-4CA2-A391-139481BE6FCF}
		{41714FC4-1E5D-44D1-B0E5-A90F5054A209} = {59563A59-F9DD-42B6-83F7-F9FFE941B5CA}
		{57F12906-D53D-4921-9072-B16706EE5EE6} = {59563A59-F9DD-42B6-83F7-F9FFE941B5CA}
		{B087EB98-B50D-45C2-8ED3-9B47770F65E9} = {59563A59-F9DD-42B6-83F7-F9FFE941B5CA}
		{8520D3FB-83EA-40D2-9B22-B0ABA9F5A82E} = {59563A59-F9DD-42B6-83F7-F9FFE941B5CA}
		{63D7AEAB-1845-4F64-9216-B9BB1F73CF55} = {59563A59-F9DD-42B6-83F7-F9FFE941B5CA}
		{8B481A71-D4AD-4F1A-8432-274109EE17BA} = {59563A59-F9DD-42B6-83F7-F9FFE941B5CA}
		{53A1D74C-E95E-4142-823F-F90F78235DCA} = {59563A59-F9DD-42B6-83F7-F9FFE941B5CA}
		{932931E2-A316-4BA8-9CDB-82ACA5C70EE3} = {59563A59-F9DD-42B6-83F7-F9FFE941B5CA}
	EndGlobalSection
	GlobalSection(ExtensibilityGlobals) = postSolution
		SolutionGuid = {9178C66D-4F6E-478C-86A2-0301C8C52153}
	EndGlobalSection
EndGlobal
